// !$*UTF8*$!
{
	archiveVersion = 1;
	classes = {
	};
	objectVersion = 46;
	objects = {

/* Begin PBXBuildFile section */
		4F37E8CB1CEC52FB003CE229 /* AppDelegate.swift in Sources */ = {isa = PBXBuildFile; fileRef = 4F37E8CA1CEC52FB003CE229 /* AppDelegate.swift */; };
		4F37E8CD1CEC52FB003CE229 /* ViewController.swift in Sources */ = {isa = PBXBuildFile; fileRef = 4F37E8CC1CEC52FB003CE229 /* ViewController.swift */; };
		4F37E8D01CEC52FB003CE229 /* Main.storyboard in Resources */ = {isa = PBXBuildFile; fileRef = 4F37E8CE1CEC52FB003CE229 /* Main.storyboard */; };
		4F37E8D21CEC52FB003CE229 /* Assets.xcassets in Resources */ = {isa = PBXBuildFile; fileRef = 4F37E8D11CEC52FB003CE229 /* Assets.xcassets */; };
		4F37E8D51CEC52FB003CE229 /* LaunchScreen.storyboard in Resources */ = {isa = PBXBuildFile; fileRef = 4F37E8D31CEC52FB003CE229 /* LaunchScreen.storyboard */; };
		4F37E8E01CEC52FB003CE229 /* YJMVVVMTests.swift in Sources */ = {isa = PBXBuildFile; fileRef = 4F37E8DF1CEC52FB003CE229 /* YJMVVVMTests.swift */; };
		4F37E8EB1CEC52FB003CE229 /* YJMVVVMUITests.swift in Sources */ = {isa = PBXBuildFile; fileRef = 4F37E8EA1CEC52FB003CE229 /* YJMVVVMUITests.swift */; };
/* End PBXBuildFile section */

/* Begin PBXContainerItemProxy section */
		4F37E8DC1CEC52FB003CE229 /* PBXContainerItemProxy */ = {
			isa = PBXContainerItemProxy;
			containerPortal = 4F37E8BF1CEC52FB003CE229 /* Project object */;
			proxyType = 1;
			remoteGlobalIDString = 4F37E8C61CEC52FB003CE229;
			remoteInfo = YJMVVVM;
		};
		4F37E8E71CEC52FB003CE229 /* PBXContainerItemProxy */ = {
			isa = PBXContainerItemProxy;
			containerPortal = 4F37E8BF1CEC52FB003CE229 /* Project object */;
			proxyType = 1;
			remoteGlobalIDString = 4F37E8C61CEC52FB003CE229;
			remoteInfo = YJMVVVM;
		};
/* End PBXContainerItemProxy section */

/* Begin PBXFileReference section */
		4F37E8C71CEC52FB003CE229 /* YJMVVVM.app */ = {isa = PBXFileReference; explicitFileType = wrapper.application; includeInIndex = 0; path = YJMVVVM.app; sourceTree = BUILT_PRODUCTS_DIR; };
		4F37E8CA1CEC52FB003CE229 /* AppDelegate.swift */ = {isa = PBXFileReference; lastKnownFileType = sourcecode.swift; path = AppDelegate.swift; sourceTree = "<group>"; };
		4F37E8CC1CEC52FB003CE229 /* ViewController.swift */ = {isa = PBXFileReference; lastKnownFileType = sourcecode.swift; path = ViewController.swift; sourceTree = "<group>"; };
		4F37E8CF1CEC52FB003CE229 /* Base */ = {isa = PBXFileReference; lastKnownFileType = file.storyboard; name = Base; path = Base.lproj/Main.storyboard; sourceTree = "<group>"; };
		4F37E8D11CEC52FB003CE229 /* Assets.xcassets */ = {isa = PBXFileReference; lastKnownFileType = folder.assetcatalog; path = Assets.xcassets; sourceTree = "<group>"; };
		4F37E8D41CEC52FB003CE229 /* Base */ = {isa = PBXFileReference; lastKnownFileType = file.storyboard; name = Base; path = Base.lproj/LaunchScreen.storyboard; sourceTree = "<group>"; };
		4F37E8D61CEC52FB003CE229 /* Info.plist */ = {isa = PBXFileReference; lastKnownFileType = text.plist.xml; path = Info.plist; sourceTree = "<group>"; };
		4F37E8DB1CEC52FB003CE229 /* YJMVVVMTests.xctest */ = {isa = PBXFileReference; explicitFileType = wrapper.cfbundle; includeInIndex = 0; path = YJMVVVMTests.xctest; sourceTree = BUILT_PRODUCTS_DIR; };
		4F37E8DF1CEC52FB003CE229 /* YJMVVVMTests.swift */ = {isa = PBXFileReference; lastKnownFileType = sourcecode.swift; path = YJMVVVMTests.swift; sourceTree = "<group>"; };
		4F37E8E11CEC52FB003CE229 /* Info.plist */ = {isa = PBXFileReference; lastKnownFileType = text.plist.xml; path = Info.plist; sourceTree = "<group>"; };
		4F37E8E61CEC52FB003CE229 /* YJMVVVMUITests.xctest */ = {isa = PBXFileReference; explicitFileType = wrapper.cfbundle; includeInIndex = 0; path = YJMVVVMUITests.xctest; sourceTree = BUILT_PRODUCTS_DIR; };
		4F37E8EA1CEC52FB003CE229 /* YJMVVVMUITests.swift */ = {isa = PBXFileReference; lastKnownFileType = sourcecode.swift; path = YJMVVVMUITests.swift; sourceTree = "<group>"; };
		4F37E8EC1CEC52FB003CE229 /* Info.plist */ = {isa = PBXFileReference; lastKnownFileType = text.plist.xml; path = Info.plist; sourceTree = "<group>"; };
/* End PBXFileReference section */

/* Begin PBXFrameworksBuildPhase section */
		4F37E8C41CEC52FB003CE229 /* Frameworks */ = {
			isa = PBXFrameworksBuildPhase;
			buildActionMask = 2147483647;
			files = (
			);
			runOnlyForDeploymentPostprocessing = 0;
		};
		4F37E8D81CEC52FB003CE229 /* Frameworks */ = {
			isa = PBXFrameworksBuildPhase;
			buildActionMask = 2147483647;
			files = (
			);
			runOnlyForDeploymentPostprocessing = 0;
		};
		4F37E8E31CEC52FB003CE229 /* Frameworks */ = {
			isa = PBXFrameworksBuildPhase;
			buildActionMask = 2147483647;
			files = (
			);
			runOnlyForDeploymentPostprocessing = 0;
		};
/* End PBXFrameworksBuildPhase section */

/* Begin PBXGroup section */
		4F37E8BE1CEC52FB003CE229 = {
			isa = PBXGroup;
			children = (
				4F37E8C91CEC52FB003CE229 /* YJMVVVM */,
				4F37E8DE1CEC52FB003CE229 /* YJMVVVMTests */,
				4F37E8E91CEC52FB003CE229 /* YJMVVVMUITests */,
				4F37E8C81CEC52FB003CE229 /* Products */,
			);
			sourceTree = "<group>";
		};
		4F37E8C81CEC52FB003CE229 /* Products */ = {
			isa = PBXGroup;
			children = (
				4F37E8C71CEC52FB003CE229 /* YJMVVVM.app */,
				4F37E8DB1CEC52FB003CE229 /* YJMVVVMTests.xctest */,
				4F37E8E61CEC52FB003CE229 /* YJMVVVMUITests.xctest */,
			);
			name = Products;
			sourceTree = "<group>";
		};
		4F37E8C91CEC52FB003CE229 /* YJMVVVM */ = {
			isa = PBXGroup;
			children = (
				4F37E8CA1CEC52FB003CE229 /* AppDelegate.swift */,
				4F37E8CC1CEC52FB003CE229 /* ViewController.swift */,
				4F37E8CE1CEC52FB003CE229 /* Main.storyboard */,
				4F37E8D11CEC52FB003CE229 /* Assets.xcassets */,
				4F37E8D31CEC52FB003CE229 /* LaunchScreen.storyboard */,
				4F37E8D61CEC52FB003CE229 /* Info.plist */,
			);
			path = YJMVVVM;
			sourceTree = "<group>";
		};
		4F37E8DE1CEC52FB003CE229 /* YJMVVVMTests */ = {
			isa = PBXGroup;
			children = (
				4F37E8DF1CEC52FB003CE229 /* YJMVVVMTests.swift */,
				4F37E8E11CEC52FB003CE229 /* Info.plist */,
			);
			path = YJMVVVMTests;
			sourceTree = "<group>";
		};
		4F37E8E91CEC52FB003CE229 /* YJMVVVMUITests */ = {
			isa = PBXGroup;
			children = (
				4F37E8EA1CEC52FB003CE229 /* YJMVVVMUITests.swift */,
				4F37E8EC1CEC52FB003CE229 /* Info.plist */,
			);
			path = YJMVVVMUITests;
			sourceTree = "<group>";
		};
/* End PBXGroup section */

/* Begin PBXNativeTarget section */
		4F37E8C61CEC52FB003CE229 /* YJMVVVM */ = {
			isa = PBXNativeTarget;
			buildConfigurationList = 4F37E8EF1CEC52FB003CE229 /* Build configuration list for PBXNativeTarget "YJMVVVM" */;
			buildPhases = (
				4F37E8C31CEC52FB003CE229 /* Sources */,
				4F37E8C41CEC52FB003CE229 /* Frameworks */,
				4F37E8C51CEC52FB003CE229 /* Resources */,
			);
			buildRules = (
			);
			dependencies = (
			);
			name = YJMVVVM;
			productName = YJMVVVM;
			productReference = 4F37E8C71CEC52FB003CE229 /* YJMVVVM.app */;
			productType = "com.apple.product-type.application";
		};
		4F37E8DA1CEC52FB003CE229 /* YJMVVVMTests */ = {
			isa = PBXNativeTarget;
			buildConfigurationList = 4F37E8F21CEC52FB003CE229 /* Build configuration list for PBXNativeTarget "YJMVVVMTests" */;
			buildPhases = (
				4F37E8D71CEC52FB003CE229 /* Sources */,
				4F37E8D81CEC52FB003CE229 /* Frameworks */,
				4F37E8D91CEC52FB003CE229 /* Resources */,
			);
			buildRules = (
			);
			dependencies = (
				4F37E8DD1CEC52FB003CE229 /* PBXTargetDependency */,
			);
			name = YJMVVVMTests;
			productName = YJMVVVMTests;
			productReference = 4F37E8DB1CEC52FB003CE229 /* YJMVVVMTests.xctest */;
			productType = "com.apple.product-type.bundle.unit-test";
		};
		4F37E8E51CEC52FB003CE229 /* YJMVVVMUITests */ = {
			isa = PBXNativeTarget;
			buildConfigurationList = 4F37E8F51CEC52FB003CE229 /* Build configuration list for PBXNativeTarget "YJMVVVMUITests" */;
			buildPhases = (
				4F37E8E21CEC52FB003CE229 /* Sources */,
				4F37E8E31CEC52FB003CE229 /* Frameworks */,
				4F37E8E41CEC52FB003CE229 /* Resources */,
			);
			buildRules = (
			);
			dependencies = (
				4F37E8E81CEC52FB003CE229 /* PBXTargetDependency */,
			);
			name = YJMVVVMUITests;
			productName = YJMVVVMUITests;
			productReference = 4F37E8E61CEC52FB003CE229 /* YJMVVVMUITests.xctest */;
			productType = "com.apple.product-type.bundle.ui-testing";
		};
/* End PBXNativeTarget section */

/* Begin PBXProject section */
		4F37E8BF1CEC52FB003CE229 /* Project object */ = {
			isa = PBXProject;
			attributes = {
				LastSwiftUpdateCheck = 0730;
				LastUpgradeCheck = 0730;
				ORGANIZATIONNAME = "王亚军";
				TargetAttributes = {
					4F37E8C61CEC52FB003CE229 = {
						CreatedOnToolsVersion = 7.3;
					};
					4F37E8DA1CEC52FB003CE229 = {
						CreatedOnToolsVersion = 7.3;
						TestTargetID = 4F37E8C61CEC52FB003CE229;
					};
					4F37E8E51CEC52FB003CE229 = {
						CreatedOnToolsVersion = 7.3;
						TestTargetID = 4F37E8C61CEC52FB003CE229;
					};
				};
			};
			buildConfigurationList = 4F37E8C21CEC52FB003CE229 /* Build configuration list for PBXProject "YJMVVVM" */;
			compatibilityVersion = "Xcode 3.2";
			developmentRegion = English;
			hasScannedForEncodings = 0;
			knownRegions = (
				en,
				Base,
			);
			mainGroup = 4F37E8BE1CEC52FB003CE229;
			productRefGroup = 4F37E8C81CEC52FB003CE229 /* Products */;
			projectDirPath = "";
			projectRoot = "";
			targets = (
				4F37E8C61CEC52FB003CE229 /* YJMVVVM */,
				4F37E8DA1CEC52FB003CE229 /* YJMVVVMTests */,
				4F37E8E51CEC52FB003CE229 /* YJMVVVMUITests */,
			);
		};
/* End PBXProject section */

/* Begin PBXResourcesBuildPhase section */
		4F37E8C51CEC52FB003CE229 /* Resources */ = {
			isa = PBXResourcesBuildPhase;
			buildActionMask = 2147483647;
			files = (
				4F37E8D51CEC52FB003CE229 /* LaunchScreen.storyboard in Resources */,
				4F37E8D21CEC52FB003CE229 /* Assets.xcassets in Resources */,
				4F37E8D01CEC52FB003CE229 /* Main.storyboard in Resources */,
			);
			runOnlyForDeploymentPostprocessing = 0;
		};
		4F37E8D91CEC52FB003CE229 /* Resources */ = {
			isa = PBXResourcesBuildPhase;
			buildActionMask = 2147483647;
			files = (
			);
			runOnlyForDeploymentPostprocessing = 0;
		};
		4F37E8E41CEC52FB003CE229 /* Resources */ = {
			isa = PBXResourcesBuildPhase;
			buildActionMask = 2147483647;
			files = (
			);
			runOnlyForDeploymentPostprocessing = 0;
		};
/* End PBXResourcesBuildPhase section */

/* Begin PBXSourcesBuildPhase section */
		4F37E8C31CEC52FB003CE229 /* Sources */ = {
			isa = PBXSourcesBuildPhase;
			buildActionMask = 2147483647;
			files = (
				4F37E8CD1CEC52FB003CE229 /* ViewController.swift in Sources */,
				4F37E8CB1CEC52FB003CE229 /* AppDelegate.swift in Sources */,
			);
			runOnlyForDeploymentPostprocessing = 0;
		};
		4F37E8D71CEC52FB003CE229 /* Sources */ = {
			isa = PBXSourcesBuildPhase;
			buildActionMask = 2147483647;
			files = (
				4F37E8E01CEC52FB003CE229 /* YJMVVVMTests.swift in Sources */,
			);
			runOnlyForDeploymentPostprocessing = 0;
		};
		4F37E8E21CEC52FB003CE229 /* Sources */ = {
			isa = PBXSourcesBuildPhase;
			buildActionMask = 2147483647;
			files = (
				4F37E8EB1CEC52FB003CE229 /* YJMVVVMUITests.swift in Sources */,
			);
			runOnlyForDeploymentPostprocessing = 0;
		};
/* End PBXSourcesBuildPhase section */

/* Begin PBXTargetDependency section */
		4F37E8DD1CEC52FB003CE229 /* PBXTargetDependency */ = {
			isa = PBXTargetDependency;
			target = 4F37E8C61CEC52FB003CE229 /* YJMVVVM */;
			targetProxy = 4F37E8DC1CEC52FB003CE229 /* PBXContainerItemProxy */;
		};
		4F37E8E81CEC52FB003CE229 /* PBXTargetDependency */ = {
			isa = PBXTargetDependency;
			target = 4F37E8C61CEC52FB003CE229 /* YJMVVVM */;
			targetProxy = 4F37E8E71CEC52FB003CE229 /* PBXContainerItemProxy */;
		};
/* End PBXTargetDependency section */

/* Begin PBXVariantGroup section */
		4F37E8CE1CEC52FB003CE229 /* Main.storyboard */ = {
			isa = PBXVariantGroup;
			children = (
				4F37E8CF1CEC52FB003CE229 /* Base */,
			);
			name = Main.storyboard;
			sourceTree = "<group>";
		};
		4F37E8D31CEC52FB003CE229 /* LaunchScreen.storyboard */ = {
			isa = PBXVariantGroup;
			children = (
				4F37E8D41CEC52FB003CE229 /* Base */,
			);
			name = LaunchScreen.storyboard;
			sourceTree = "<group>";
		};
/* End PBXVariantGroup section */

/* Begin XCBuildConfiguration section */
		4F37E8ED1CEC52FB003CE229 /* Debug */ = {
			isa = XCBuildConfiguration;
			buildSettings = {
				ALWAYS_SEARCH_USER_PATHS = NO;
				CLANG_ANALYZER_NONNULL = YES;
				CLANG_CXX_LANGUAGE_STANDARD = "gnu++0x";
				CLANG_CXX_LIBRARY = "libc++";
				CLANG_ENABLE_MODULES = YES;
				CLANG_ENABLE_OBJC_ARC = YES;
				CLANG_WARN_BOOL_CONVERSION = YES;
				CLANG_WARN_CONSTANT_CONVERSION = YES;
				CLANG_WARN_DIRECT_OBJC_ISA_USAGE = YES_ERROR;
				CLANG_WARN_EMPTY_BODY = YES;
				CLANG_WARN_ENUM_CONVERSION = YES;
				CLANG_WARN_INT_CONVERSION = YES;
				CLANG_WARN_OBJC_ROOT_CLASS = YES_ERROR;
				CLANG_WARN_UNREACHABLE_CODE = YES;
				CLANG_WARN__DUPLICATE_METHOD_MATCH = YES;
				"CODE_SIGN_IDENTITY[sdk=iphoneos*]" = "iPhone Developer";
				COPY_PHASE_STRIP = NO;
				DEBUG_INFORMATION_FORMAT = dwarf;
				ENABLE_STRICT_OBJC_MSGSEND = YES;
				ENABLE_TESTABILITY = YES;
				GCC_C_LANGUAGE_STANDARD = gnu99;
				GCC_DYNAMIC_NO_PIC = NO;
				GCC_NO_COMMON_BLOCKS = YES;
				GCC_OPTIMIZATION_LEVEL = 0;
				GCC_PREPROCESSOR_DEFINITIONS = (
					"DEBUG=1",
					"$(inherited)",
				);
				GCC_WARN_64_TO_32_BIT_CONVERSION = YES;
				GCC_WARN_ABOUT_RETURN_TYPE = YES_ERROR;
				GCC_WARN_UNDECLARED_SELECTOR = YES;
				GCC_WARN_UNINITIALIZED_AUTOS = YES_AGGRESSIVE;
				GCC_WARN_UNUSED_FUNCTION = YES;
				GCC_WARN_UNUSED_VARIABLE = YES;
				IPHONEOS_DEPLOYMENT_TARGET = 9.3;
				MTL_ENABLE_DEBUG_INFO = YES;
				ONLY_ACTIVE_ARCH = YES;
				SDKROOT = iphoneos;
				SWIFT_OPTIMIZATION_LEVEL = "-Onone";
			};
			name = Debug;
		};
		4F37E8EE1CEC52FB003CE229 /* Release */ = {
			isa = XCBuildConfiguration;
			buildSettings = {
				ALWAYS_SEARCH_USER_PATHS = NO;
				CLANG_ANALYZER_NONNULL = YES;
				CLANG_CXX_LANGUAGE_STANDARD = "gnu++0x";
				CLANG_CXX_LIBRARY = "libc++";
				CLANG_ENABLE_MODULES = YES;
				CLANG_ENABLE_OBJC_ARC = YES;
				CLANG_WARN_BOOL_CONVERSION = YES;
				CLANG_WARN_CONSTANT_CONVERSION = YES;
				CLANG_WARN_DIRECT_OBJC_ISA_USAGE = YES_ERROR;
				CLANG_WARN_EMPTY_BODY = YES;
				CLANG_WARN_ENUM_CONVERSION = YES;
				CLANG_WARN_INT_CONVERSION = YES;
				CLANG_WARN_OBJC_ROOT_CLASS = YES_ERROR;
				CLANG_WARN_UNREACHABLE_CODE = YES;
				CLANG_WARN__DUPLICATE_METHOD_MATCH = YES;
				"CODE_SIGN_IDENTITY[sdk=iphoneos*]" = "iPhone Developer";
				COPY_PHASE_STRIP = NO;
				DEBUG_INFORMATION_FORMAT = "dwarf-with-dsym";
				ENABLE_NS_ASSERTIONS = NO;
				ENABLE_STRICT_OBJC_MSGSEND = YES;
				GCC_C_LANGUAGE_STANDARD = gnu99;
				GCC_NO_COMMON_BLOCKS = YES;
				GCC_WARN_64_TO_32_BIT_CONVERSION = YES;
				GCC_WARN_ABOUT_RETURN_TYPE = YES_ERROR;
				GCC_WARN_UNDECLARED_SELECTOR = YES;
				GCC_WARN_UNINITIALIZED_AUTOS = YES_AGGRESSIVE;
				GCC_WARN_UNUSED_FUNCTION = YES;
				GCC_WARN_UNUSED_VARIABLE = YES;
				IPHONEOS_DEPLOYMENT_TARGET = 9.3;
				MTL_ENABLE_DEBUG_INFO = NO;
				SDKROOT = iphoneos;
				VALIDATE_PRODUCT = YES;
			};
			name = Release;
		};
		4F37E8F01CEC52FB003CE229 /* Debug */ = {
			isa = XCBuildConfiguration;
			buildSettings = {
				ASSETCATALOG_COMPILER_APPICON_NAME = AppIcon;
				INFOPLIST_FILE = YJMVVVM/Info.plist;
				LD_RUNPATH_SEARCH_PATHS = "$(inherited) @executable_path/Frameworks";
				PRODUCT_BUNDLE_IDENTIFIER = com.wdtfw.ios.YJMVVVM;
				PRODUCT_NAME = "$(TARGET_NAME)";
			};
			name = Debug;
		};
		4F37E8F11CEC52FB003CE229 /* Release */ = {
			isa = XCBuildConfiguration;
			buildSettings = {
				ASSETCATALOG_COMPILER_APPICON_NAME = AppIcon;
				INFOPLIST_FILE = YJMVVVM/Info.plist;
				LD_RUNPATH_SEARCH_PATHS = "$(inherited) @executable_path/Frameworks";
				PRODUCT_BUNDLE_IDENTIFIER = com.wdtfw.ios.YJMVVVM;
				PRODUCT_NAME = "$(TARGET_NAME)";
			};
			name = Release;
		};
		4F37E8F31CEC52FB003CE229 /* Debug */ = {
			isa = XCBuildConfiguration;
			buildSettings = {
				BUNDLE_LOADER = "$(TEST_HOST)";
				INFOPLIST_FILE = YJMVVVMTests/Info.plist;
				LD_RUNPATH_SEARCH_PATHS = "$(inherited) @executable_path/Frameworks @loader_path/Frameworks";
				PRODUCT_BUNDLE_IDENTIFIER = com.wdtfw.ios.YJMVVVMTests;
				PRODUCT_NAME = "$(TARGET_NAME)";
				TEST_HOST = "$(BUILT_PRODUCTS_DIR)/YJMVVVM.app/YJMVVVM";
			};
			name = Debug;
		};
		4F37E8F41CEC52FB003CE229 /* Release */ = {
			isa = XCBuildConfiguration;
			buildSettings = {
				BUNDLE_LOADER = "$(TEST_HOST)";
				INFOPLIST_FILE = YJMVVVMTests/Info.plist;
				LD_RUNPATH_SEARCH_PATHS = "$(inherited) @executable_path/Frameworks @loader_path/Frameworks";
				PRODUCT_BUNDLE_IDENTIFIER = com.wdtfw.ios.YJMVVVMTests;
				PRODUCT_NAME = "$(TARGET_NAME)";
				TEST_HOST = "$(BUILT_PRODUCTS_DIR)/YJMVVVM.app/YJMVVVM";
			};
			name = Release;
		};
		4F37E8F61CEC52FB003CE229 /* Debug */ = {
			isa = XCBuildConfiguration;
			buildSettings = {
				INFOPLIST_FILE = YJMVVVMUITests/Info.plist;
				LD_RUNPATH_SEARCH_PATHS = "$(inherited) @executable_path/Frameworks @loader_path/Frameworks";
				PRODUCT_BUNDLE_IDENTIFIER = com.wdtfw.ios.YJMVVVMUITests;
				PRODUCT_NAME = "$(TARGET_NAME)";
				TEST_TARGET_NAME = YJMVVVM;
			};
			name = Debug;
		};
		4F37E8F71CEC52FB003CE229 /* Release */ = {
			isa = XCBuildConfiguration;
			buildSettings = {
				INFOPLIST_FILE = YJMVVVMUITests/Info.plist;
				LD_RUNPATH_SEARCH_PATHS = "$(inherited) @executable_path/Frameworks @loader_path/Frameworks";
				PRODUCT_BUNDLE_IDENTIFIER = com.wdtfw.ios.YJMVVVMUITests;
				PRODUCT_NAME = "$(TARGET_NAME)";
				TEST_TARGET_NAME = YJMVVVM;
			};
			name = Release;
		};
/* End XCBuildConfiguration section */

/* Begin XCConfigurationList section */
		4F37E8C21CEC52FB003CE229 /* Build configuration list for PBXProject "YJMVVVM" */ = {
			isa = XCConfigurationList;
			buildConfigurations = (
				4F37E8ED1CEC52FB003CE229 /* Debug */,
				4F37E8EE1CEC52FB003CE229 /* Release */,
			);
			defaultConfigurationIsVisible = 0;
			defaultConfigurationName = Release;
		};
		4F37E8EF1CEC52FB003CE229 /* Build configuration list for PBXNativeTarget "YJMVVVM" */ = {
			isa = XCConfigurationList;
			buildConfigurations = (
				4F37E8F01CEC52FB003CE229 /* Debug */,
				4F37E8F11CEC52FB003CE229 /* Release */,
			);
			defaultConfigurationIsVisible = 0;
		};
		4F37E8F21CEC52FB003CE229 /* Build configuration list for PBXNativeTarget "YJMVVVMTests" */ = {
			isa = XCConfigurationList;
			buildConfigurations = (
				4F37E8F31CEC52FB003CE229 /* Debug */,
				4F37E8F41CEC52FB003CE229 /* Release */,
			);
			defaultConfigurationIsVisible = 0;
		};
		4F37E8F51CEC52FB003CE229 /* Build configuration list for PBXNativeTarget "YJMVVVMUITests" */ = {
			isa = XCConfigurationList;
			buildConfigurations = (
				4F37E8F61CEC52FB003CE229 /* Debug */,
				4F37E8F71CEC52FB003CE229 /* Release */,
			);
			defaultConfigurationIsVisible = 0;
		};
/* End XCConfigurationList section */
	};
	rootObject = 4F37E8BF1CEC52FB003CE229 /* Project object */;
}
